
Microsoft Visual Studio Solution File, Format Version 12.00
# Visual Studio Version 16
VisualStudioVersion = 16.0.31829.152
MinimumVisualStudioVersion = 10.0.40219.1
Project("{FAE04EC0-301F-11D3-BF4B-00C04F79EFBC}") = "Neziki.App_Start", "neziki_pokemon\Neziki.App_Start.csproj", "{F03D6729-15C6-454A-A7E9-4968FAB85013}"
EndProject
Project("{2150E333-8FDC-42A3-9474-1A3956D46DE8}") = "Service", "Service", "{5BD15A49-80DC-4493-BA92-DF047699272C}"
EndProject
Project("{2150E333-8FDC-42A3-9474-1A3956D46DE8}") = "Domain", "Domain", "{53E3000F-B1B1-480B-95C6-81972027EBB0}"
EndProject
Project("{FAE04EC0-301F-11D3-BF4B-00C04F79EFBC}") = "Neziki.Domain", "Neziki.Domain\Neziki.Domain.csproj", "{2A617AA9-7ABC-4BB3-BBB8-5BFC84413BE2}"
EndProject
Project("{2150E333-8FDC-42A3-9474-1A3956D46DE8}") = "XmlData", "XmlData", "{6848EA1A-0B9D-4713-89E9-B240490D3135}"
EndProject
Project("{FAE04EC0-301F-11D3-BF4B-00C04F79EFBC}") = "Neziki.XmlData", "Neziki.XmlData\Neziki.XmlData.csproj", "{5B9B1251-CE84-41C9-BD2A-AB8B888A147B}"
EndProject
Project("{2150E333-8FDC-42A3-9474-1A3956D46DE8}") = "Repository", "Repository", "{4C783537-B6CC-4C2E-A3BC-E62358A35DFB}"
EndProject
Project("{FAE04EC0-301F-11D3-BF4B-00C04F79EFBC}") = "Neziki.Repository", "Neziki.Repository\Neziki.Repository.csproj", "{D57846E2-1A9A-4C89-BD01-11CB36CAB5F2}"
EndProject
Project("{2150E333-8FDC-42A3-9474-1A3956D46DE8}") = "Executor", "Executor", "{EF46DB8C-5BB1-4C3A-AF1B-F8263FE15A4C}"
EndProject
Project("{FAE04EC0-301F-11D3-BF4B-00C04F79EFBC}") = "Neziki.Service", "Neziki.Service\Neziki.Service.csproj", "{3A1F6919-9795-465E-B8D1-ACFB34CFD2A2}"
EndProject
Project("{2150E333-8FDC-42A3-9474-1A3956D46DE8}") = "UI", "UI", "{C193E9D0-2FA1-4424-9355-0C0AB6EBB1A7}"
EndProject
Project("{FAE04EC0-301F-11D3-BF4B-00C04F79EFBC}") = "Negiki.UI.Views", "Negiki.UI.Views\Negiki.UI.Views.csproj", "{8B5FEF20-BC38-4464-BDD6-87F8B4676890}"
EndProject
Project("{FAE04EC0-301F-11D3-BF4B-00C04F79EFBC}") = "Negiki.UI", "Negiki.UI\Negiki.UI.csproj", "{218CA52C-A601-4925-B3D4-37A60CF7A057}"
EndProject
Project("{FAE04EC0-301F-11D3-BF4B-00C04F79EFBC}") = "Negiki.UI.ViewModel", "Negiki.UI.ViewModel\Negiki.UI.ViewModel.csproj", "{606F6B00-1C4F-4751-89A2-0F8186FE8795}"
EndProject
Global
	GlobalSection(SolutionConfigurationPlatforms) = preSolution
		Debug|Any CPU = Debug|Any CPU
		Release|Any CPU = Release|Any CPU
	EndGlobalSection
	GlobalSection(ProjectConfigurationPlatforms) = postSolution
		{F03D6729-15C6-454A-A7E9-4968FAB85013}.Debug|Any CPU.ActiveCfg = Debug|Any CPU
		{F03D6729-15C6-454A-A7E9-4968FAB85013}.Debug|Any CPU.Build.0 = Debug|Any CPU
		{F03D6729-15C6-454A-A7E9-4968FAB85013}.Release|Any CPU.ActiveCfg = Release|Any CPU
		{F03D6729-15C6-454A-A7E9-4968FAB85013}.Release|Any CPU.Build.0 = Release|Any CPU
		{2A617AA9-7ABC-4BB3-BBB8-5BFC84413BE2}.Debug|Any CPU.ActiveCfg = Debug|Any CPU
		{2A617AA9-7ABC-4BB3-BBB8-5BFC84413BE2}.Debug|Any CPU.Build.0 = Debug|Any CPU
		{2A617AA9-7ABC-4BB3-BBB8-5BFC84413BE2}.Release|Any CPU.ActiveCfg = Release|Any CPU
		{2A617AA9-7ABC-4BB3-BBB8-5BFC84413BE2}.Release|Any CPU.Build.0 = Release|Any CPU
		{5B9B1251-CE84-41C9-BD2A-AB8B888A147B}.Debug|Any CPU.ActiveCfg = Debug|Any CPU
		{5B9B1251-CE84-41C9-BD2A-AB8B888A147B}.Debug|Any CPU.Build.0 = Debug|Any CPU
		{5B9B1251-CE84-41C9-BD2A-AB8B888A147B}.Release|Any CPU.ActiveCfg = Release|Any CPU
		{5B9B1251-CE84-41C9-BD2A-AB8B888A147B}.Release|Any CPU.Build.0 = Release|Any CPU
		{D57846E2-1A9A-4C89-BD01-11CB36CAB5F2}.Debug|Any CPU.ActiveCfg = Debug|Any CPU
		{D57846E2-1A9A-4C89-BD01-11CB36CAB5F2}.Debug|Any CPU.Build.0 = Debug|Any CPU
		{D57846E2-1A9A-4C89-BD01-11CB36CAB5F2}.Release|Any CPU.ActiveCfg = Release|Any CPU
		{D57846E2-1A9A-4C89-BD01-11CB36CAB5F2}.Release|Any CPU.Build.0 = Release|Any CPU
		{3A1F6919-9795-465E-B8D1-ACFB34CFD2A2}.Debug|Any CPU.ActiveCfg = Debug|Any CPU
		{3A1F6919-9795-465E-B8D1-ACFB34CFD2A2}.Debug|Any CPU.Build.0 = Debug|Any CPU
		{3A1F6919-9795-465E-B8D1-ACFB34CFD2A2}.Release|Any CPU.ActiveCfg = Release|Any CPU
		{3A1F6919-9795-465E-B8D1-ACFB34CFD2A2}.Release|Any CPU.Build.0 = Release|Any CPU
		{8B5FEF20-BC38-4464-BDD6-87F8B4676890}.Debug|Any CPU.ActiveCfg = Debug|Any CPU
		{8B5FEF20-BC38-4464-BDD6-87F8B4676890}.Debug|Any CPU.Build.0 = Debug|Any CPU
		{8B5FEF20-BC38-4464-BDD6-87F8B4676890}.Release|Any CPU.ActiveCfg = Release|Any CPU
		{8B5FEF20-BC38-4464-BDD6-87F8B4676890}.Release|Any CPU.Build.0 = Release|Any CPU
		{218CA52C-A601-4925-B3D4-37A60CF7A057}.Debug|Any CPU.ActiveCfg = Debug|Any CPU
		{218CA52C-A601-4925-B3D4-37A60CF7A057}.Debug|Any CPU.Build.0 = Debug|Any CPU
		{218CA52C-A601-4925-B3D4-37A60CF7A057}.Release|Any CPU.ActiveCfg = Release|Any CPU
		{218CA52C-A601-4925-B3D4-37A60CF7A057}.Release|Any CPU.Build.0 = Release|Any CPU
		{606F6B00-1C4F-4751-89A2-0F8186FE8795}.Debug|Any CPU.ActiveCfg = Debug|Any CPU
		{606F6B00-1C4F-4751-89A2-0F8186FE8795}.Debug|Any CPU.Build.0 = Debug|Any CPU
		{606F6B00-1C4F-4751-89A2-0F8186FE8795}.Release|Any CPU.ActiveCfg = Release|Any CPU
		{606F6B00-1C4F-4751-89A2-0F8186FE8795}.Release|Any CPU.Build.0 = Release|Any CPU
	EndGlobalSection
	GlobalSection(SolutionProperties) = preSolution
		HideSolutionNode = FALSE
	EndGlobalSection
	GlobalSection(NestedProjects) = preSolution
		{F03D6729-15C6-454A-A7E9-4968FAB85013} = {EF46DB8C-5BB1-4C3A-AF1B-F8263FE15A4C}
		{2A617AA9-7ABC-4BB3-BBB8-5BFC84413BE2} = {53E3000F-B1B1-480B-95C6-81972027EBB0}
		{5B9B1251-CE84-41C9-BD2A-AB8B888A147B} = {6848EA1A-0B9D-4713-89E9-B240490D3135}
		{D57846E2-1A9A-4C89-BD01-11CB36CAB5F2} = {4C783537-B6CC-4C2E-A3BC-E62358A35DFB}
		{3A1F6919-9795-465E-B8D1-ACFB34CFD2A2} = {5BD15A49-80DC-4493-BA92-DF047699272C}
		{8B5FEF20-BC38-4464-BDD6-87F8B4676890} = {C193E9D0-2FA1-4424-9355-0C0AB6EBB1A7}
		{218CA52C-A601-4925-B3D4-37A60CF7A057} = {C193E9D0-2FA1-4424-9355-0C0AB6EBB1A7}
		{606F6B00-1C4F-4751-89A2-0F8186FE8795} = {C193E9D0-2FA1-4424-9355-0C0AB6EBB1A7}
	EndGlobalSection
	GlobalSection(ExtensibilityGlobals) = postSolution
		SolutionGuid = {F2C05BC7-7A6E-4C45-8348-28C3C9EE701A}
	EndGlobalSection
EndGlobal
